
Microsoft Visual Studio Solution File, Format Version 12.00
# Visual Studio Version 16
VisualStudioVersion = 16.0.31702.278
MinimumVisualStudioVersion = 10.0.40219.1
Project("{FAE04EC0-301F-11D3-BF4B-00C04F79EFBC}") = "WpfApp2", "WpfApp2\WpfApp2.csproj", "{EDE6C1CC-44C2-4999-BBA1-E82FBF6A38CC}"
EndProject
Global
	GlobalSection(SolutionConfigurationPlatforms) = preSolution
		Debug|Any CPU = Debug|Any CPU
		Release|Any CPU = Release|Any CPU
	EndGlobalSection
	GlobalSection(ProjectConfigurationPlatforms) = postSolution
		{EDE6C1CC-44C2-4999-BBA1-E82FBF6A38CC}.Debug|Any CPU.ActiveCfg = Debug|Any CPU
		{EDE6C1CC-44C2-4999-BBA1-E82FBF6A38CC}.Debug|Any CPU.Build.0 = Debug|Any CPU
		{EDE6C1CC-44C2-4999-BBA1-E82FBF6A38CC}.Release|Any CPU.ActiveCfg = Release|Any CPU
		{EDE6C1CC-44C2-4999-BBA1-E82FBF6A38CC}.Release|Any CPU.Build.0 = Release|Any CPU
	EndGlobalSection
	GlobalSection(SolutionProperties) = preSolution
		HideSolutionNode = FALSE
	EndGlobalSection
	GlobalSection(ExtensibilityGlobals) = postSolution
		SolutionGuid = {2E7FE28A-A8DB-4479-90C9-6805857B37A9}
	EndGlobalSection
EndGlobal
